
Microsoft Visual Studio Solution File, Format Version 12.00
# Visual Studio 15
VisualStudioVersion = 15.0.27130.2036
MinimumVisualStudioVersion = 10.0.40219.1
Project("{2150E333-8FDC-42A3-9474-1A3956D46DE8}") = "src", "src", "{372B94AF-F513-4B53-9714-0BCFEB1A729A}"
EndProject
Project("{2150E333-8FDC-42A3-9474-1A3956D46DE8}") = "docs", "docs", "{1D330CE2-708C-4019-BE93-00C070D4DBCF}"
	ProjectSection(SolutionItems) = preProject
		docs\Docs.md = docs\Docs.md
	EndProjectSection
EndProject
Project("{2150E333-8FDC-42A3-9474-1A3956D46DE8}") = "tests", "tests", "{C84BB445-BEED-4D48-8E2A-0BCA13023580}"
	ProjectSection(SolutionItems) = preProject
		tests\Tests.MD = tests\Tests.MD
	EndProjectSection
EndProject
Project("{FAE04EC0-301F-11D3-BF4B-00C04F79EFBC}") = "FD.CleanArchitecture.Core", "src\FD.CleanArchitecture.Core\FD.CleanArchitecture.Core.csproj", "{F84ABD2F-31BF-43ED-A5E4-47A0773DA453}"
EndProject
Project("{2150E333-8FDC-42A3-9474-1A3956D46DE8}") = "examples", "examples", "{73B7114B-E2EB-47EC-8375-A8FD1E6B63EB}"
EndProject
Project("{FAE04EC0-301F-11D3-BF4B-00C04F79EFBC}") = "ConsoleInterface", "examples\ConsoleInterface\ConsoleInterface.csproj", "{472F620E-2069-4366-8310-954F7B1E6286}"
EndProject
Project("{FAE04EC0-301F-11D3-BF4B-00C04F79EFBC}") = "AppCore", "examples\AppCore\AppCore.csproj", "{8B453C88-6EFA-4232-8BC0-32B02E0C1517}"
EndProject
Project("{FAE04EC0-301F-11D3-BF4B-00C04F79EFBC}") = "AppApi", "examples\AppApi\AppApi.csproj", "{826021BF-1559-45F1-AEF9-E74B01EC15D1}"
EndProject
Global
	GlobalSection(SolutionConfigurationPlatforms) = preSolution
		Debug|Any CPU = Debug|Any CPU
		Release|Any CPU = Release|Any CPU
	EndGlobalSection
	GlobalSection(ProjectConfigurationPlatforms) = postSolution
		{F84ABD2F-31BF-43ED-A5E4-47A0773DA453}.Debug|Any CPU.ActiveCfg = Debug|Any CPU
		{F84ABD2F-31BF-43ED-A5E4-47A0773DA453}.Debug|Any CPU.Build.0 = Debug|Any CPU
		{F84ABD2F-31BF-43ED-A5E4-47A0773DA453}.Release|Any CPU.ActiveCfg = Release|Any CPU
		{F84ABD2F-31BF-43ED-A5E4-47A0773DA453}.Release|Any CPU.Build.0 = Release|Any CPU
		{472F620E-2069-4366-8310-954F7B1E6286}.Debug|Any CPU.ActiveCfg = Debug|Any CPU
		{472F620E-2069-4366-8310-954F7B1E6286}.Debug|Any CPU.Build.0 = Debug|Any CPU
		{472F620E-2069-4366-8310-954F7B1E6286}.Release|Any CPU.ActiveCfg = Release|Any CPU
		{472F620E-2069-4366-8310-954F7B1E6286}.Release|Any CPU.Build.0 = Release|Any CPU
		{8B453C88-6EFA-4232-8BC0-32B02E0C1517}.Debug|Any CPU.ActiveCfg = Debug|Any CPU
		{8B453C88-6EFA-4232-8BC0-32B02E0C1517}.Debug|Any CPU.Build.0 = Debug|Any CPU
		{8B453C88-6EFA-4232-8BC0-32B02E0C1517}.Release|Any CPU.ActiveCfg = Release|Any CPU
		{8B453C88-6EFA-4232-8BC0-32B02E0C1517}.Release|Any CPU.Build.0 = Release|Any CPU
		{826021BF-1559-45F1-AEF9-E74B01EC15D1}.Debug|Any CPU.ActiveCfg = Debug|Any CPU
		{826021BF-1559-45F1-AEF9-E74B01EC15D1}.Debug|Any CPU.Build.0 = Debug|Any CPU
		{826021BF-1559-45F1-AEF9-E74B01EC15D1}.Release|Any CPU.ActiveCfg = Release|Any CPU
		{826021BF-1559-45F1-AEF9-E74B01EC15D1}.Release|Any CPU.Build.0 = Release|Any CPU
	EndGlobalSection
	GlobalSection(SolutionProperties) = preSolution
		HideSolutionNode = FALSE
	EndGlobalSection
	GlobalSection(NestedProjects) = preSolution
		{F84ABD2F-31BF-43ED-A5E4-47A0773DA453} = {372B94AF-F513-4B53-9714-0BCFEB1A729A}
		{472F620E-2069-4366-8310-954F7B1E6286} = {73B7114B-E2EB-47EC-8375-A8FD1E6B63EB}
		{8B453C88-6EFA-4232-8BC0-32B02E0C1517} = {73B7114B-E2EB-47EC-8375-A8FD1E6B63EB}
		{826021BF-1559-45F1-AEF9-E74B01EC15D1} = {73B7114B-E2EB-47EC-8375-A8FD1E6B63EB}
	EndGlobalSection
	GlobalSection(ExtensibilityGlobals) = postSolution
		SolutionGuid = {0478DBD1-1DEE-44C7-852B-5F55816DE85A}
	EndGlobalSection
EndGlobal
