
Microsoft Visual Studio Solution File, Format Version 12.00
# Visual Studio 15
VisualStudioVersion = 15.0.27130.2036
MinimumVisualStudioVersion = 10.0.40219.1
Project("{2150E333-8FDC-42A3-9474-1A3956D46DE8}") = "src", "src", "{372B94AF-F513-4B53-9714-0BCFEB1A729A}"
EndProject
Project("{2150E333-8FDC-42A3-9474-1A3956D46DE8}") = "docs", "docs", "{1D330CE2-708C-4019-BE93-00C070D4DBCF}"
	ProjectSection(SolutionItems) = preProject
		docs\entities.md = docs\entities.md
		docs\index.md = docs\index.md
		docs\interactors.md = docs\interactors.md
	EndProjectSection
EndProject
Project("{2150E333-8FDC-42A3-9474-1A3956D46DE8}") = "tests", "tests", "{C84BB445-BEED-4D48-8E2A-0BCA13023580}"
	ProjectSection(SolutionItems) = preProject
		tests\Tests.MD = tests\Tests.MD
	EndProjectSection
EndProject
Project("{9A19103F-16F7-4668-BE54-9A1E7A4F7556}") = "FD.CleanArchitecture.Core", "src\FD.CleanArchitecture.Core\FD.CleanArchitecture.Core.csproj", "{F84ABD2F-31BF-43ED-A5E4-47A0773DA453}"
EndProject
Project("{2150E333-8FDC-42A3-9474-1A3956D46DE8}") = "examples", "examples", "{73B7114B-E2EB-47EC-8375-A8FD1E6B63EB}"
EndProject
Project("{9A19103F-16F7-4668-BE54-9A1E7A4F7556}") = "App.Api", "examples\App.Api\App.Api.csproj", "{957D81C6-9C55-490D-A5C4-7175B92D8025}"
EndProject
Project("{9A19103F-16F7-4668-BE54-9A1E7A4F7556}") = "App.ConsoleInterface", "examples\App.ConsoleInterface\App.ConsoleInterface.csproj", "{13514C92-3750-4FB1-A68F-DD25DF4DB47E}"
EndProject
Project("{9A19103F-16F7-4668-BE54-9A1E7A4F7556}") = "App.Core", "examples\App.Core\App.Core.csproj", "{3EAC80EE-77FE-4E5F-9C4A-0979C2DF197C}"
EndProject
Project("{9A19103F-16F7-4668-BE54-9A1E7A4F7556}") = "App.Core.Entities", "examples\App.Core.Entities\App.Core.Entities.csproj", "{E0B17C36-D5D2-4605-B420-9959A0D59CF0}"
EndProject
Project("{9A19103F-16F7-4668-BE54-9A1E7A4F7556}") = "App.Infrastructure", "examples\App.Infrastructure\App.Infrastructure.csproj", "{1CE06A23-FE27-4BAB-ADEC-F0F5A153D520}"
EndProject
Project("{2150E333-8FDC-42A3-9474-1A3956D46DE8}") = "Solution Items", "Solution Items", "{B9834A59-6EAF-4DB6-8144-6BEA7BAFEEF9}"
	ProjectSection(SolutionItems) = preProject
		docs\_config.yml = docs\_config.yml
	EndProjectSection
EndProject
Project("{2150E333-8FDC-42A3-9474-1A3956D46DE8}") = "_layouts", "_layouts", "{83371B14-E061-41AC-8F9D-CDD6F920B648}"
	ProjectSection(SolutionItems) = preProject
		docs\_layouts\default.html = docs\_layouts\default.html
	EndProjectSection
EndProject
Global
	GlobalSection(SolutionConfigurationPlatforms) = preSolution
		Debug|Any CPU = Debug|Any CPU
		Release|Any CPU = Release|Any CPU
	EndGlobalSection
	GlobalSection(ProjectConfigurationPlatforms) = postSolution
		{F84ABD2F-31BF-43ED-A5E4-47A0773DA453}.Debug|Any CPU.ActiveCfg = Debug|Any CPU
		{F84ABD2F-31BF-43ED-A5E4-47A0773DA453}.Debug|Any CPU.Build.0 = Debug|Any CPU
		{F84ABD2F-31BF-43ED-A5E4-47A0773DA453}.Release|Any CPU.ActiveCfg = Release|Any CPU
		{F84ABD2F-31BF-43ED-A5E4-47A0773DA453}.Release|Any CPU.Build.0 = Release|Any CPU
		{957D81C6-9C55-490D-A5C4-7175B92D8025}.Debug|Any CPU.ActiveCfg = Debug|Any CPU
		{957D81C6-9C55-490D-A5C4-7175B92D8025}.Debug|Any CPU.Build.0 = Debug|Any CPU
		{957D81C6-9C55-490D-A5C4-7175B92D8025}.Release|Any CPU.ActiveCfg = Release|Any CPU
		{957D81C6-9C55-490D-A5C4-7175B92D8025}.Release|Any CPU.Build.0 = Release|Any CPU
		{13514C92-3750-4FB1-A68F-DD25DF4DB47E}.Debug|Any CPU.ActiveCfg = Debug|Any CPU
		{13514C92-3750-4FB1-A68F-DD25DF4DB47E}.Debug|Any CPU.Build.0 = Debug|Any CPU
		{13514C92-3750-4FB1-A68F-DD25DF4DB47E}.Release|Any CPU.ActiveCfg = Release|Any CPU
		{13514C92-3750-4FB1-A68F-DD25DF4DB47E}.Release|Any CPU.Build.0 = Release|Any CPU
		{3EAC80EE-77FE-4E5F-9C4A-0979C2DF197C}.Debug|Any CPU.ActiveCfg = Debug|Any CPU
		{3EAC80EE-77FE-4E5F-9C4A-0979C2DF197C}.Debug|Any CPU.Build.0 = Debug|Any CPU
		{3EAC80EE-77FE-4E5F-9C4A-0979C2DF197C}.Release|Any CPU.ActiveCfg = Release|Any CPU
		{3EAC80EE-77FE-4E5F-9C4A-0979C2DF197C}.Release|Any CPU.Build.0 = Release|Any CPU
		{E0B17C36-D5D2-4605-B420-9959A0D59CF0}.Debug|Any CPU.ActiveCfg = Debug|Any CPU
		{E0B17C36-D5D2-4605-B420-9959A0D59CF0}.Debug|Any CPU.Build.0 = Debug|Any CPU
		{E0B17C36-D5D2-4605-B420-9959A0D59CF0}.Release|Any CPU.ActiveCfg = Release|Any CPU
		{E0B17C36-D5D2-4605-B420-9959A0D59CF0}.Release|Any CPU.Build.0 = Release|Any CPU
		{1CE06A23-FE27-4BAB-ADEC-F0F5A153D520}.Debug|Any CPU.ActiveCfg = Debug|Any CPU
		{1CE06A23-FE27-4BAB-ADEC-F0F5A153D520}.Debug|Any CPU.Build.0 = Debug|Any CPU
		{1CE06A23-FE27-4BAB-ADEC-F0F5A153D520}.Release|Any CPU.ActiveCfg = Release|Any CPU
		{1CE06A23-FE27-4BAB-ADEC-F0F5A153D520}.Release|Any CPU.Build.0 = Release|Any CPU
	EndGlobalSection
	GlobalSection(SolutionProperties) = preSolution
		HideSolutionNode = FALSE
	EndGlobalSection
	GlobalSection(NestedProjects) = preSolution
		{F84ABD2F-31BF-43ED-A5E4-47A0773DA453} = {372B94AF-F513-4B53-9714-0BCFEB1A729A}
		{957D81C6-9C55-490D-A5C4-7175B92D8025} = {73B7114B-E2EB-47EC-8375-A8FD1E6B63EB}
		{13514C92-3750-4FB1-A68F-DD25DF4DB47E} = {73B7114B-E2EB-47EC-8375-A8FD1E6B63EB}
		{3EAC80EE-77FE-4E5F-9C4A-0979C2DF197C} = {73B7114B-E2EB-47EC-8375-A8FD1E6B63EB}
		{E0B17C36-D5D2-4605-B420-9959A0D59CF0} = {73B7114B-E2EB-47EC-8375-A8FD1E6B63EB}
		{1CE06A23-FE27-4BAB-ADEC-F0F5A153D520} = {73B7114B-E2EB-47EC-8375-A8FD1E6B63EB}
		{83371B14-E061-41AC-8F9D-CDD6F920B648} = {1D330CE2-708C-4019-BE93-00C070D4DBCF}
	EndGlobalSection
	GlobalSection(ExtensibilityGlobals) = postSolution
		SolutionGuid = {0478DBD1-1DEE-44C7-852B-5F55816DE85A}
	EndGlobalSection
EndGlobal
